{
  "meteor": {},
  "dependencies": {
    "basePackages": {
      "bootstrap-3": {},
      "csv-to-collection": {},
      "googlemaps": {}
    },
    "packages": {
      "bootstrap-3": {
        "git": "https://github.com/mangasocial/meteor-bootstrap-3.git",
        "tag": "v3.1.1-1",
        "commit": "63dd38968828bb8963636df93e9a1c45e2dfe67e"
      },
      "csv-to-collection": {
        "git": "https://github.com/livingyang/csv-to-collection.git",
        "tag": "v0.1.7",
        "commit": "74c26e6fe9ecea9a348da5116a18c1d3c4d14e32"
      },
      "googlemaps": {
        "git": "https://github.com/drewjw81/meteor-googlemaps.git",
        "tag": "v0.0.2",
        "commit": "da8785c82cfd7de0111f898ef10728e7ed24e361"
      }
    }
  }
}
